
Microsoft Visual Studio Solution File, Format Version 12.00
# Visual Studio Version 16
VisualStudioVersion = 16.0.33027.164
MinimumVisualStudioVersion = 10.0.40219.1
Project("{FAE04EC0-301F-11D3-BF4B-00C04F79EFBC}") = "Quan_Ly_Phong_Hoc", "Quan_Ly_Phong_Hoc\Quan_Ly_Phong_Hoc.csproj", "{63D2F96F-C8EA-4FE5-8CAA-BFB96860D2AD}"
EndProject
Global
	GlobalSection(SolutionConfigurationPlatforms) = preSolution
		Debug|Any CPU = Debug|Any CPU
		Release|Any CPU = Release|Any CPU
	EndGlobalSection
	GlobalSection(ProjectConfigurationPlatforms) = postSolution
		{63D2F96F-C8EA-4FE5-8CAA-BFB96860D2AD}.Debug|Any CPU.ActiveCfg = Debug|Any CPU
		{63D2F96F-C8EA-4FE5-8CAA-BFB96860D2AD}.Debug|Any CPU.Build.0 = Debug|Any CPU
		{63D2F96F-C8EA-4FE5-8CAA-BFB96860D2AD}.Release|Any CPU.ActiveCfg = Release|Any CPU
		{63D2F96F-C8EA-4FE5-8CAA-BFB96860D2AD}.Release|Any CPU.Build.0 = Release|Any CPU
	EndGlobalSection
	GlobalSection(SolutionProperties) = preSolution
		HideSolutionNode = FALSE
	EndGlobalSection
	GlobalSection(ExtensibilityGlobals) = postSolution
		SolutionGuid = {7E765944-A57C-4D1A-94AA-2647579AA1A0}
	EndGlobalSection
EndGlobal
